// !$*UTF8*$!
{
	archiveVersion = 1;
	classes = {
	};
	objectVersion = 46;
	objects = {

/* Begin PBXBuildFile section */
		E78F56491DC6D7300083F5C7 /* main.cpp in Sources */ = {isa = PBXBuildFile; fileRef = E78F56481DC6D7300083F5C7 /* main.cpp */; };
		E793C5811DC82B1800CDB5AF /* StackWithMin.cpp in Sources */ = {isa = PBXBuildFile; fileRef = E793C57F1DC82B1800CDB5AF /* StackWithMin.cpp */; };
/* End PBXBuildFile section */

/* Begin PBXCopyFilesBuildPhase section */
		E78F56431DC6D7300083F5C7 /* CopyFiles */ = {
			isa = PBXCopyFilesBuildPhase;
			buildActionMask = 2147483647;
			dstPath = /usr/share/man/man1/;
			dstSubfolderSpec = 0;
			files = (
			);
			runOnlyForDeploymentPostprocessing = 1;
		};
/* End PBXCopyFilesBuildPhase section */

/* Begin PBXFileReference section */
		E78F56451DC6D7300083F5C7 /* arrowToOffer */ = {isa = PBXFileReference; explicitFileType = "compiled.mach-o.executable"; includeInIndex = 0; path = arrowToOffer; sourceTree = BUILT_PRODUCTS_DIR; };
		E78F56481DC6D7300083F5C7 /* main.cpp */ = {isa = PBXFileReference; lastKnownFileType = sourcecode.cpp.cpp; path = main.cpp; sourceTree = "<group>"; };
		E793C57F1DC82B1800CDB5AF /* StackWithMin.cpp */ = {isa = PBXFileReference; fileEncoding = 4; lastKnownFileType = sourcecode.cpp.cpp; path = StackWithMin.cpp; sourceTree = "<group>"; };
		E793C5801DC82B1800CDB5AF /* StackWithMin.hpp */ = {isa = PBXFileReference; fileEncoding = 4; lastKnownFileType = sourcecode.cpp.h; path = StackWithMin.hpp; sourceTree = "<group>"; };
/* End PBXFileReference section */

/* Begin PBXFrameworksBuildPhase section */
		E78F56421DC6D7300083F5C7 /* Frameworks */ = {
			isa = PBXFrameworksBuildPhase;
			buildActionMask = 2147483647;
			files = (
			);
			runOnlyForDeploymentPostprocessing = 0;
		};
/* End PBXFrameworksBuildPhase section */

/* Begin PBXGroup section */
		E78F563C1DC6D7300083F5C7 = {
			isa = PBXGroup;
			children = (
				E78F56471DC6D7300083F5C7 /* arrowToOffer */,
				E78F56461DC6D7300083F5C7 /* Products */,
			);
			sourceTree = "<group>";
		};
		E78F56461DC6D7300083F5C7 /* Products */ = {
			isa = PBXGroup;
			children = (
				E78F56451DC6D7300083F5C7 /* arrowToOffer */,
			);
			name = Products;
			sourceTree = "<group>";
		};
		E78F56471DC6D7300083F5C7 /* arrowToOffer */ = {
			isa = PBXGroup;
			children = (
				E78F56481DC6D7300083F5C7 /* main.cpp */,
				E793C57F1DC82B1800CDB5AF /* StackWithMin.cpp */,
				E793C5801DC82B1800CDB5AF /* StackWithMin.hpp */,
			);
			path = arrowToOffer;
			sourceTree = "<group>";
		};
/* End PBXGroup section */

/* Begin PBXNativeTarget section */
		E78F56441DC6D7300083F5C7 /* arrowToOffer */ = {
			isa = PBXNativeTarget;
			buildConfigurationList = E78F564C1DC6D7300083F5C7 /* Build configuration list for PBXNativeTarget "arrowToOffer" */;
			buildPhases = (
				E78F56411DC6D7300083F5C7 /* Sources */,
				E78F56421DC6D7300083F5C7 /* Frameworks */,
				E78F56431DC6D7300083F5C7 /* CopyFiles */,
			);
			buildRules = (
			);
			dependencies = (
			);
			name = arrowToOffer;
			productName = arrowToOffer;
			productReference = E78F56451DC6D7300083F5C7 /* arrowToOffer */;
			productType = "com.apple.product-type.tool";
		};
/* End PBXNativeTarget section */

/* Begin PBXProject section */
		E78F563D1DC6D7300083F5C7 /* Project object */ = {
			isa = PBXProject;
			attributes = {
				LastUpgradeCheck = 0800;
				ORGANIZATIONNAME = DaFenQi;
				TargetAttributes = {
					E78F56441DC6D7300083F5C7 = {
						CreatedOnToolsVersion = 8.0;
						ProvisioningStyle = Automatic;
					};
				};
			};
			buildConfigurationList = E78F56401DC6D7300083F5C7 /* Build configuration list for PBXProject "arrowToOffer" */;
			compatibilityVersion = "Xcode 3.2";
			developmentRegion = English;
			hasScannedForEncodings = 0;
			knownRegions = (
				en,
			);
			mainGroup = E78F563C1DC6D7300083F5C7;
			productRefGroup = E78F56461DC6D7300083F5C7 /* Products */;
			projectDirPath = "";
			projectRoot = "";
			targets = (
				E78F56441DC6D7300083F5C7 /* arrowToOffer */,
			);
		};
/* End PBXProject section */

/* Begin PBXSourcesBuildPhase section */
		E78F56411DC6D7300083F5C7 /* Sources */ = {
			isa = PBXSourcesBuildPhase;
			buildActionMask = 2147483647;
			files = (
				E78F56491DC6D7300083F5C7 /* main.cpp in Sources */,
				E793C5811DC82B1800CDB5AF /* StackWithMin.cpp in Sources */,
			);
			runOnlyForDeploymentPostprocessing = 0;
		};
/* End PBXSourcesBuildPhase section */

/* Begin XCBuildConfiguration section */
		E78F564A1DC6D7300083F5C7 /* Debug */ = {
			isa = XCBuildConfiguration;
			buildSettings = {
				ALWAYS_SEARCH_USER_PATHS = NO;
				CLANG_ANALYZER_NONNULL = YES;
				CLANG_CXX_LANGUAGE_STANDARD = "gnu++0x";
				CLANG_CXX_LIBRARY = "libc++";
				CLANG_ENABLE_MODULES = YES;
				CLANG_ENABLE_OBJC_ARC = YES;
				CLANG_WARN_BOOL_CONVERSION = YES;
				CLANG_WARN_CONSTANT_CONVERSION = YES;
				CLANG_WARN_DIRECT_OBJC_ISA_USAGE = YES_ERROR;
				CLANG_WARN_DOCUMENTATION_COMMENTS = YES;
				CLANG_WARN_EMPTY_BODY = YES;
				CLANG_WARN_ENUM_CONVERSION = YES;
				CLANG_WARN_INFINITE_RECURSION = YES;
				CLANG_WARN_INT_CONVERSION = YES;
				CLANG_WARN_OBJC_ROOT_CLASS = YES_ERROR;
				CLANG_WARN_SUSPICIOUS_MOVES = YES;
				CLANG_WARN_UNREACHABLE_CODE = YES;
				CLANG_WARN__DUPLICATE_METHOD_MATCH = YES;
				CODE_SIGN_IDENTITY = "-";
				COPY_PHASE_STRIP = NO;
				DEBUG_INFORMATION_FORMAT = dwarf;
				ENABLE_STRICT_OBJC_MSGSEND = YES;
				ENABLE_TESTABILITY = YES;
				GCC_C_LANGUAGE_STANDARD = gnu99;
				GCC_DYNAMIC_NO_PIC = NO;
				GCC_NO_COMMON_BLOCKS = YES;
				GCC_OPTIMIZATION_LEVEL = 0;
				GCC_PREPROCESSOR_DEFINITIONS = (
					"DEBUG=1",
					"$(inherited)",
				);
				GCC_WARN_64_TO_32_BIT_CONVERSION = YES;
				GCC_WARN_ABOUT_RETURN_TYPE = YES_ERROR;
				GCC_WARN_UNDECLARED_SELECTOR = YES;
				GCC_WARN_UNINITIALIZED_AUTOS = YES_AGGRESSIVE;
				GCC_WARN_UNUSED_FUNCTION = YES;
				GCC_WARN_UNUSED_VARIABLE = YES;
				MACOSX_DEPLOYMENT_TARGET = 10.11;
				MTL_ENABLE_DEBUG_INFO = YES;
				ONLY_ACTIVE_ARCH = YES;
				SDKROOT = macosx;
			};
			name = Debug;
		};
		E78F564B1DC6D7300083F5C7 /* Release */ = {
			isa = XCBuildConfiguration;
			buildSettings = {
				ALWAYS_SEARCH_USER_PATHS = NO;
				CLANG_ANALYZER_NONNULL = YES;
				CLANG_CXX_LANGUAGE_STANDARD = "gnu++0x";
				CLANG_CXX_LIBRARY = "libc++";
				CLANG_ENABLE_MODULES = YES;
				CLANG_ENABLE_OBJC_ARC = YES;
				CLANG_WARN_BOOL_CONVERSION = YES;
				CLANG_WARN_CONSTANT_CONVERSION = YES;
				CLANG_WARN_DIRECT_OBJC_ISA_USAGE = YES_ERROR;
				CLANG_WARN_DOCUMENTATION_COMMENTS = YES;
				CLANG_WARN_EMPTY_BODY = YES;
				CLANG_WARN_ENUM_CONVERSION = YES;
				CLANG_WARN_INFINITE_RECURSION = YES;
				CLANG_WARN_INT_CONVERSION = YES;
				CLANG_WARN_OBJC_ROOT_CLASS = YES_ERROR;
				CLANG_WARN_SUSPICIOUS_MOVES = YES;
				CLANG_WARN_UNREACHABLE_CODE = YES;
				CLANG_WARN__DUPLICATE_METHOD_MATCH = YES;
				CODE_SIGN_IDENTITY = "-";
				COPY_PHASE_STRIP = NO;
				DEBUG_INFORMATION_FORMAT = "dwarf-with-dsym";
				ENABLE_NS_ASSERTIONS = NO;
				ENABLE_STRICT_OBJC_MSGSEND = YES;
				GCC_C_LANGUAGE_STANDARD = gnu99;
				GCC_NO_COMMON_BLOCKS = YES;
				GCC_WARN_64_TO_32_BIT_CONVERSION = YES;
				GCC_WARN_ABOUT_RETURN_TYPE = YES_ERROR;
				GCC_WARN_UNDECLARED_SELECTOR = YES;
				GCC_WARN_UNINITIALIZED_AUTOS = YES_AGGRESSIVE;
				GCC_WARN_UNUSED_FUNCTION = YES;
				GCC_WARN_UNUSED_VARIABLE = YES;
				MACOSX_DEPLOYMENT_TARGET = 10.11;
				MTL_ENABLE_DEBUG_INFO = NO;
				SDKROOT = macosx;
			};
			name = Release;
		};
		E78F564D1DC6D7300083F5C7 /* Debug */ = {
			isa = XCBuildConfiguration;
			buildSettings = {
				PRODUCT_NAME = "$(TARGET_NAME)";
			};
			name = Debug;
		};
		E78F564E1DC6D7300083F5C7 /* Release */ = {
			isa = XCBuildConfiguration;
			buildSettings = {
				PRODUCT_NAME = "$(TARGET_NAME)";
			};
			name = Release;
		};
/* End XCBuildConfiguration section */

/* Begin XCConfigurationList section */
		E78F56401DC6D7300083F5C7 /* Build configuration list for PBXProject "arrowToOffer" */ = {
			isa = XCConfigurationList;
			buildConfigurations = (
				E78F564A1DC6D7300083F5C7 /* Debug */,
				E78F564B1DC6D7300083F5C7 /* Release */,
			);
			defaultConfigurationIsVisible = 0;
			defaultConfigurationName = Release;
		};
		E78F564C1DC6D7300083F5C7 /* Build configuration list for PBXNativeTarget "arrowToOffer" */ = {
			isa = XCConfigurationList;
			buildConfigurations = (
				E78F564D1DC6D7300083F5C7 /* Debug */,
				E78F564E1DC6D7300083F5C7 /* Release */,
			);
			defaultConfigurationIsVisible = 0;
			defaultConfigurationName = Release;
		};
/* End XCConfigurationList section */
	};
	rootObject = E78F563D1DC6D7300083F5C7 /* Project object */;
}
