// !$*UTF8*$!
{
	archiveVersion = 1;
	classes = {
	};
	objectVersion = 46;
	objects = {

/* Begin PBXBuildFile section */
		F9AEB4601CF68BF900F943A8 /* main.m in Sources */ = {isa = PBXBuildFile; fileRef = F9AEB45F1CF68BF900F943A8 /* main.m */; };
		F9AEB4631CF68BF900F943A8 /* AppDelegate.m in Sources */ = {isa = PBXBuildFile; fileRef = F9AEB4621CF68BF900F943A8 /* AppDelegate.m */; };
		F9AEB4661CF68BF900F943A8 /* ViewController.m in Sources */ = {isa = PBXBuildFile; fileRef = F9AEB4651CF68BF900F943A8 /* ViewController.m */; };
		F9AEB4691CF68BF900F943A8 /* Main.storyboard in Resources */ = {isa = PBXBuildFile; fileRef = F9AEB4671CF68BF900F943A8 /* Main.storyboard */; };
		F9AEB46B1CF68BF900F943A8 /* Assets.xcassets in Resources */ = {isa = PBXBuildFile; fileRef = F9AEB46A1CF68BF900F943A8 /* Assets.xcassets */; };
		F9AEB46E1CF68BF900F943A8 /* LaunchScreen.storyboard in Resources */ = {isa = PBXBuildFile; fileRef = F9AEB46C1CF68BF900F943A8 /* LaunchScreen.storyboard */; };
/* End PBXBuildFile section */

/* Begin PBXContainerItemProxy section */
		F9AEB4751CF68BF900F943A8 /* PBXContainerItemProxy */ = {
			isa = PBXContainerItemProxy;
			containerPortal = F9AEB4531CF68BF900F943A8 /* Project object */;
			proxyType = 1;
			remoteGlobalIDString = F9AEB45A1CF68BF900F943A8;
			remoteInfo = "加密";
		};
		F9AEB4801CF68BF900F943A8 /* PBXContainerItemProxy */ = {
			isa = PBXContainerItemProxy;
			containerPortal = F9AEB4531CF68BF900F943A8 /* Project object */;
			proxyType = 1;
			remoteGlobalIDString = F9AEB45A1CF68BF900F943A8;
			remoteInfo = "加密";
		};
/* End PBXContainerItemProxy section */

/* Begin PBXFileReference section */
		F9AEB45B1CF68BF900F943A8 /* 加密.app */ = {isa = PBXFileReference; explicitFileType = wrapper.application; includeInIndex = 0; path = "加密.app"; sourceTree = BUILT_PRODUCTS_DIR; };
		F9AEB45F1CF68BF900F943A8 /* main.m */ = {isa = PBXFileReference; lastKnownFileType = sourcecode.c.objc; path = main.m; sourceTree = "<group>"; };
		F9AEB4611CF68BF900F943A8 /* AppDelegate.h */ = {isa = PBXFileReference; lastKnownFileType = sourcecode.c.h; path = AppDelegate.h; sourceTree = "<group>"; };
		F9AEB4621CF68BF900F943A8 /* AppDelegate.m */ = {isa = PBXFileReference; lastKnownFileType = sourcecode.c.objc; path = AppDelegate.m; sourceTree = "<group>"; };
		F9AEB4641CF68BF900F943A8 /* ViewController.h */ = {isa = PBXFileReference; lastKnownFileType = sourcecode.c.h; path = ViewController.h; sourceTree = "<group>"; };
		F9AEB4651CF68BF900F943A8 /* ViewController.m */ = {isa = PBXFileReference; lastKnownFileType = sourcecode.c.objc; path = ViewController.m; sourceTree = "<group>"; };
		F9AEB4681CF68BF900F943A8 /* Base */ = {isa = PBXFileReference; lastKnownFileType = file.storyboard; name = Base; path = Base.lproj/Main.storyboard; sourceTree = "<group>"; };
		F9AEB46A1CF68BF900F943A8 /* Assets.xcassets */ = {isa = PBXFileReference; lastKnownFileType = folder.assetcatalog; path = Assets.xcassets; sourceTree = "<group>"; };
		F9AEB46D1CF68BF900F943A8 /* Base */ = {isa = PBXFileReference; lastKnownFileType = file.storyboard; name = Base; path = Base.lproj/LaunchScreen.storyboard; sourceTree = "<group>"; };
		F9AEB46F1CF68BF900F943A8 /* Info.plist */ = {isa = PBXFileReference; lastKnownFileType = text.plist.xml; path = Info.plist; sourceTree = "<group>"; };
		F9AEB4741CF68BF900F943A8 /* 加密Tests.xctest */ = {isa = PBXFileReference; explicitFileType = wrapper.cfbundle; includeInIndex = 0; path = "加密Tests.xctest"; sourceTree = BUILT_PRODUCTS_DIR; };
		F9AEB47F1CF68BF900F943A8 /* 加密UITests.xctest */ = {isa = PBXFileReference; explicitFileType = wrapper.cfbundle; includeInIndex = 0; path = "加密UITests.xctest"; sourceTree = BUILT_PRODUCTS_DIR; };
/* End PBXFileReference section */

/* Begin PBXFrameworksBuildPhase section */
		F9AEB4581CF68BF900F943A8 /* Frameworks */ = {
			isa = PBXFrameworksBuildPhase;
			buildActionMask = 2147483647;
			files = (
			);
			runOnlyForDeploymentPostprocessing = 0;
		};
		F9AEB4711CF68BF900F943A8 /* Frameworks */ = {
			isa = PBXFrameworksBuildPhase;
			buildActionMask = 2147483647;
			files = (
			);
			runOnlyForDeploymentPostprocessing = 0;
		};
		F9AEB47C1CF68BF900F943A8 /* Frameworks */ = {
			isa = PBXFrameworksBuildPhase;
			buildActionMask = 2147483647;
			files = (
			);
			runOnlyForDeploymentPostprocessing = 0;
		};
/* End PBXFrameworksBuildPhase section */

/* Begin PBXGroup section */
		F9AEB4521CF68BF900F943A8 = {
			isa = PBXGroup;
			children = (
				F9AEB45D1CF68BF900F943A8 /* 加密 */,
				F9AEB45C1CF68BF900F943A8 /* Products */,
			);
			sourceTree = "<group>";
		};
		F9AEB45C1CF68BF900F943A8 /* Products */ = {
			isa = PBXGroup;
			children = (
				F9AEB45B1CF68BF900F943A8 /* 加密.app */,
				F9AEB4741CF68BF900F943A8 /* 加密Tests.xctest */,
				F9AEB47F1CF68BF900F943A8 /* 加密UITests.xctest */,
			);
			name = Products;
			sourceTree = "<group>";
		};
		F9AEB45D1CF68BF900F943A8 /* 加密 */ = {
			isa = PBXGroup;
			children = (
				F9AEB4611CF68BF900F943A8 /* AppDelegate.h */,
				F9AEB4621CF68BF900F943A8 /* AppDelegate.m */,
				F9AEB4641CF68BF900F943A8 /* ViewController.h */,
				F9AEB4651CF68BF900F943A8 /* ViewController.m */,
				F9AEB4671CF68BF900F943A8 /* Main.storyboard */,
				F9AEB46A1CF68BF900F943A8 /* Assets.xcassets */,
				F9AEB46C1CF68BF900F943A8 /* LaunchScreen.storyboard */,
				F9AEB46F1CF68BF900F943A8 /* Info.plist */,
				F9AEB45E1CF68BF900F943A8 /* Supporting Files */,
			);
			path = "加密";
			sourceTree = "<group>";
		};
		F9AEB45E1CF68BF900F943A8 /* Supporting Files */ = {
			isa = PBXGroup;
			children = (
				F9AEB45F1CF68BF900F943A8 /* main.m */,
			);
			name = "Supporting Files";
			sourceTree = "<group>";
		};
/* End PBXGroup section */

/* Begin PBXNativeTarget section */
		F9AEB45A1CF68BF900F943A8 /* 加密 */ = {
			isa = PBXNativeTarget;
			buildConfigurationList = F9AEB4881CF68BF900F943A8 /* Build configuration list for PBXNativeTarget "加密" */;
			buildPhases = (
				F9AEB4571CF68BF900F943A8 /* Sources */,
				F9AEB4581CF68BF900F943A8 /* Frameworks */,
				F9AEB4591CF68BF900F943A8 /* Resources */,
			);
			buildRules = (
			);
			dependencies = (
			);
			name = "加密";
			productName = "加密";
			productReference = F9AEB45B1CF68BF900F943A8 /* 加密.app */;
			productType = "com.apple.product-type.application";
		};
		F9AEB4731CF68BF900F943A8 /* 加密Tests */ = {
			isa = PBXNativeTarget;
			buildConfigurationList = F9AEB48B1CF68BF900F943A8 /* Build configuration list for PBXNativeTarget "加密Tests" */;
			buildPhases = (
				F9AEB4701CF68BF900F943A8 /* Sources */,
				F9AEB4711CF68BF900F943A8 /* Frameworks */,
				F9AEB4721CF68BF900F943A8 /* Resources */,
			);
			buildRules = (
			);
			dependencies = (
				F9AEB4761CF68BF900F943A8 /* PBXTargetDependency */,
			);
			name = "加密Tests";
			productName = "加密Tests";
			productReference = F9AEB4741CF68BF900F943A8 /* 加密Tests.xctest */;
			productType = "com.apple.product-type.bundle.unit-test";
		};
		F9AEB47E1CF68BF900F943A8 /* 加密UITests */ = {
			isa = PBXNativeTarget;
			buildConfigurationList = F9AEB48E1CF68BF900F943A8 /* Build configuration list for PBXNativeTarget "加密UITests" */;
			buildPhases = (
				F9AEB47B1CF68BF900F943A8 /* Sources */,
				F9AEB47C1CF68BF900F943A8 /* Frameworks */,
				F9AEB47D1CF68BF900F943A8 /* Resources */,
			);
			buildRules = (
			);
			dependencies = (
				F9AEB4811CF68BF900F943A8 /* PBXTargetDependency */,
			);
			name = "加密UITests";
			productName = "加密UITests";
			productReference = F9AEB47F1CF68BF900F943A8 /* 加密UITests.xctest */;
			productType = "com.apple.product-type.bundle.ui-testing";
		};
/* End PBXNativeTarget section */

/* Begin PBXProject section */
		F9AEB4531CF68BF900F943A8 /* Project object */ = {
			isa = PBXProject;
			attributes = {
				LastUpgradeCheck = 0720;
				ORGANIZATIONNAME = "何米颖大天才";
				TargetAttributes = {
					F9AEB45A1CF68BF900F943A8 = {
						CreatedOnToolsVersion = 7.2;
					};
					F9AEB4731CF68BF900F943A8 = {
						CreatedOnToolsVersion = 7.2;
						TestTargetID = F9AEB45A1CF68BF900F943A8;
					};
					F9AEB47E1CF68BF900F943A8 = {
						CreatedOnToolsVersion = 7.2;
						TestTargetID = F9AEB45A1CF68BF900F943A8;
					};
				};
			};
			buildConfigurationList = F9AEB4561CF68BF900F943A8 /* Build configuration list for PBXProject "加密" */;
			compatibilityVersion = "Xcode 3.2";
			developmentRegion = English;
			hasScannedForEncodings = 0;
			knownRegions = (
				en,
				Base,
			);
			mainGroup = F9AEB4521CF68BF900F943A8;
			productRefGroup = F9AEB45C1CF68BF900F943A8 /* Products */;
			projectDirPath = "";
			projectRoot = "";
			targets = (
				F9AEB45A1CF68BF900F943A8 /* 加密 */,
				F9AEB4731CF68BF900F943A8 /* 加密Tests */,
				F9AEB47E1CF68BF900F943A8 /* 加密UITests */,
			);
		};
/* End PBXProject section */

/* Begin PBXResourcesBuildPhase section */
		F9AEB4591CF68BF900F943A8 /* Resources */ = {
			isa = PBXResourcesBuildPhase;
			buildActionMask = 2147483647;
			files = (
				F9AEB46E1CF68BF900F943A8 /* LaunchScreen.storyboard in Resources */,
				F9AEB46B1CF68BF900F943A8 /* Assets.xcassets in Resources */,
				F9AEB4691CF68BF900F943A8 /* Main.storyboard in Resources */,
			);
			runOnlyForDeploymentPostprocessing = 0;
		};
		F9AEB4721CF68BF900F943A8 /* Resources */ = {
			isa = PBXResourcesBuildPhase;
			buildActionMask = 2147483647;
			files = (
			);
			runOnlyForDeploymentPostprocessing = 0;
		};
		F9AEB47D1CF68BF900F943A8 /* Resources */ = {
			isa = PBXResourcesBuildPhase;
			buildActionMask = 2147483647;
			files = (
			);
			runOnlyForDeploymentPostprocessing = 0;
		};
/* End PBXResourcesBuildPhase section */

/* Begin PBXSourcesBuildPhase section */
		F9AEB4571CF68BF900F943A8 /* Sources */ = {
			isa = PBXSourcesBuildPhase;
			buildActionMask = 2147483647;
			files = (
				F9AEB4661CF68BF900F943A8 /* ViewController.m in Sources */,
				F9AEB4631CF68BF900F943A8 /* AppDelegate.m in Sources */,
				F9AEB4601CF68BF900F943A8 /* main.m in Sources */,
			);
			runOnlyForDeploymentPostprocessing = 0;
		};
		F9AEB4701CF68BF900F943A8 /* Sources */ = {
			isa = PBXSourcesBuildPhase;
			buildActionMask = 2147483647;
			files = (
			);
			runOnlyForDeploymentPostprocessing = 0;
		};
		F9AEB47B1CF68BF900F943A8 /* Sources */ = {
			isa = PBXSourcesBuildPhase;
			buildActionMask = 2147483647;
			files = (
			);
			runOnlyForDeploymentPostprocessing = 0;
		};
/* End PBXSourcesBuildPhase section */

/* Begin PBXTargetDependency section */
		F9AEB4761CF68BF900F943A8 /* PBXTargetDependency */ = {
			isa = PBXTargetDependency;
			target = F9AEB45A1CF68BF900F943A8 /* 加密 */;
			targetProxy = F9AEB4751CF68BF900F943A8 /* PBXContainerItemProxy */;
		};
		F9AEB4811CF68BF900F943A8 /* PBXTargetDependency */ = {
			isa = PBXTargetDependency;
			target = F9AEB45A1CF68BF900F943A8 /* 加密 */;
			targetProxy = F9AEB4801CF68BF900F943A8 /* PBXContainerItemProxy */;
		};
/* End PBXTargetDependency section */

/* Begin PBXVariantGroup section */
		F9AEB4671CF68BF900F943A8 /* Main.storyboard */ = {
			isa = PBXVariantGroup;
			children = (
				F9AEB4681CF68BF900F943A8 /* Base */,
			);
			name = Main.storyboard;
			sourceTree = "<group>";
		};
		F9AEB46C1CF68BF900F943A8 /* LaunchScreen.storyboard */ = {
			isa = PBXVariantGroup;
			children = (
				F9AEB46D1CF68BF900F943A8 /* Base */,
			);
			name = LaunchScreen.storyboard;
			sourceTree = "<group>";
		};
/* End PBXVariantGroup section */

/* Begin XCBuildConfiguration section */
		F9AEB4861CF68BF900F943A8 /* Debug */ = {
			isa = XCBuildConfiguration;
			buildSettings = {
				ALWAYS_SEARCH_USER_PATHS = NO;
				CLANG_CXX_LANGUAGE_STANDARD = "gnu++0x";
				CLANG_CXX_LIBRARY = "libc++";
				CLANG_ENABLE_MODULES = YES;
				CLANG_ENABLE_OBJC_ARC = YES;
				CLANG_WARN_BOOL_CONVERSION = YES;
				CLANG_WARN_CONSTANT_CONVERSION = YES;
				CLANG_WARN_DIRECT_OBJC_ISA_USAGE = YES_ERROR;
				CLANG_WARN_EMPTY_BODY = YES;
				CLANG_WARN_ENUM_CONVERSION = YES;
				CLANG_WARN_INT_CONVERSION = YES;
				CLANG_WARN_OBJC_ROOT_CLASS = YES_ERROR;
				CLANG_WARN_UNREACHABLE_CODE = YES;
				CLANG_WARN__DUPLICATE_METHOD_MATCH = YES;
				"CODE_SIGN_IDENTITY[sdk=iphoneos*]" = "iPhone Developer";
				COPY_PHASE_STRIP = NO;
				DEBUG_INFORMATION_FORMAT = dwarf;
				ENABLE_STRICT_OBJC_MSGSEND = YES;
				ENABLE_TESTABILITY = YES;
				GCC_C_LANGUAGE_STANDARD = gnu99;
				GCC_DYNAMIC_NO_PIC = NO;
				GCC_NO_COMMON_BLOCKS = YES;
				GCC_OPTIMIZATION_LEVEL = 0;
				GCC_PREPROCESSOR_DEFINITIONS = (
					"DEBUG=1",
					"$(inherited)",
				);
				GCC_WARN_64_TO_32_BIT_CONVERSION = YES;
				GCC_WARN_ABOUT_RETURN_TYPE = YES_ERROR;
				GCC_WARN_UNDECLARED_SELECTOR = YES;
				GCC_WARN_UNINITIALIZED_AUTOS = YES_AGGRESSIVE;
				GCC_WARN_UNUSED_FUNCTION = YES;
				GCC_WARN_UNUSED_VARIABLE = YES;
				IPHONEOS_DEPLOYMENT_TARGET = 9.2;
				MTL_ENABLE_DEBUG_INFO = YES;
				ONLY_ACTIVE_ARCH = YES;
				SDKROOT = iphoneos;
				TARGETED_DEVICE_FAMILY = "1,2";
			};
			name = Debug;
		};
		F9AEB4871CF68BF900F943A8 /* Release */ = {
			isa = XCBuildConfiguration;
			buildSettings = {
				ALWAYS_SEARCH_USER_PATHS = NO;
				CLANG_CXX_LANGUAGE_STANDARD = "gnu++0x";
				CLANG_CXX_LIBRARY = "libc++";
				CLANG_ENABLE_MODULES = YES;
				CLANG_ENABLE_OBJC_ARC = YES;
				CLANG_WARN_BOOL_CONVERSION = YES;
				CLANG_WARN_CONSTANT_CONVERSION = YES;
				CLANG_WARN_DIRECT_OBJC_ISA_USAGE = YES_ERROR;
				CLANG_WARN_EMPTY_BODY = YES;
				CLANG_WARN_ENUM_CONVERSION = YES;
				CLANG_WARN_INT_CONVERSION = YES;
				CLANG_WARN_OBJC_ROOT_CLASS = YES_ERROR;
				CLANG_WARN_UNREACHABLE_CODE = YES;
				CLANG_WARN__DUPLICATE_METHOD_MATCH = YES;
				"CODE_SIGN_IDENTITY[sdk=iphoneos*]" = "iPhone Developer";
				COPY_PHASE_STRIP = NO;
				DEBUG_INFORMATION_FORMAT = "dwarf-with-dsym";
				ENABLE_NS_ASSERTIONS = NO;
				ENABLE_STRICT_OBJC_MSGSEND = YES;
				GCC_C_LANGUAGE_STANDARD = gnu99;
				GCC_NO_COMMON_BLOCKS = YES;
				GCC_WARN_64_TO_32_BIT_CONVERSION = YES;
				GCC_WARN_ABOUT_RETURN_TYPE = YES_ERROR;
				GCC_WARN_UNDECLARED_SELECTOR = YES;
				GCC_WARN_UNINITIALIZED_AUTOS = YES_AGGRESSIVE;
				GCC_WARN_UNUSED_FUNCTION = YES;
				GCC_WARN_UNUSED_VARIABLE = YES;
				IPHONEOS_DEPLOYMENT_TARGET = 9.2;
				MTL_ENABLE_DEBUG_INFO = NO;
				SDKROOT = iphoneos;
				TARGETED_DEVICE_FAMILY = "1,2";
				VALIDATE_PRODUCT = YES;
			};
			name = Release;
		};
		F9AEB4891CF68BF900F943A8 /* Debug */ = {
			isa = XCBuildConfiguration;
			buildSettings = {
				ASSETCATALOG_COMPILER_APPICON_NAME = AppIcon;
				INFOPLIST_FILE = "加密/Info.plist";
				LD_RUNPATH_SEARCH_PATHS = "$(inherited) @executable_path/Frameworks";
				PRODUCT_BUNDLE_IDENTIFIER = "com.tchmy.--";
				PRODUCT_NAME = "$(TARGET_NAME)";
			};
			name = Debug;
		};
		F9AEB48A1CF68BF900F943A8 /* Release */ = {
			isa = XCBuildConfiguration;
			buildSettings = {
				ASSETCATALOG_COMPILER_APPICON_NAME = AppIcon;
				INFOPLIST_FILE = "加密/Info.plist";
				LD_RUNPATH_SEARCH_PATHS = "$(inherited) @executable_path/Frameworks";
				PRODUCT_BUNDLE_IDENTIFIER = "com.tchmy.--";
				PRODUCT_NAME = "$(TARGET_NAME)";
			};
			name = Release;
		};
		F9AEB48C1CF68BF900F943A8 /* Debug */ = {
			isa = XCBuildConfiguration;
			buildSettings = {
				BUNDLE_LOADER = "$(TEST_HOST)";
				INFOPLIST_FILE = "加密Tests/Info.plist";
				LD_RUNPATH_SEARCH_PATHS = "$(inherited) @executable_path/Frameworks @loader_path/Frameworks";
				PRODUCT_BUNDLE_IDENTIFIER = "com.tchmy.--Tests";
				PRODUCT_NAME = "$(TARGET_NAME)";
				TEST_HOST = "$(BUILT_PRODUCTS_DIR)/加密.app/加密";
			};
			name = Debug;
		};
		F9AEB48D1CF68BF900F943A8 /* Release */ = {
			isa = XCBuildConfiguration;
			buildSettings = {
				BUNDLE_LOADER = "$(TEST_HOST)";
				INFOPLIST_FILE = "加密Tests/Info.plist";
				LD_RUNPATH_SEARCH_PATHS = "$(inherited) @executable_path/Frameworks @loader_path/Frameworks";
				PRODUCT_BUNDLE_IDENTIFIER = "com.tchmy.--Tests";
				PRODUCT_NAME = "$(TARGET_NAME)";
				TEST_HOST = "$(BUILT_PRODUCTS_DIR)/加密.app/加密";
			};
			name = Release;
		};
		F9AEB48F1CF68BF900F943A8 /* Debug */ = {
			isa = XCBuildConfiguration;
			buildSettings = {
				INFOPLIST_FILE = "加密UITests/Info.plist";
				LD_RUNPATH_SEARCH_PATHS = "$(inherited) @executable_path/Frameworks @loader_path/Frameworks";
				PRODUCT_BUNDLE_IDENTIFIER = "com.tchmy.--UITests";
				PRODUCT_NAME = "$(TARGET_NAME)";
				TEST_TARGET_NAME = "加密";
				USES_XCTRUNNER = YES;
			};
			name = Debug;
		};
		F9AEB4901CF68BF900F943A8 /* Release */ = {
			isa = XCBuildConfiguration;
			buildSettings = {
				INFOPLIST_FILE = "加密UITests/Info.plist";
				LD_RUNPATH_SEARCH_PATHS = "$(inherited) @executable_path/Frameworks @loader_path/Frameworks";
				PRODUCT_BUNDLE_IDENTIFIER = "com.tchmy.--UITests";
				PRODUCT_NAME = "$(TARGET_NAME)";
				TEST_TARGET_NAME = "加密";
				USES_XCTRUNNER = YES;
			};
			name = Release;
		};
/* End XCBuildConfiguration section */

/* Begin XCConfigurationList section */
		F9AEB4561CF68BF900F943A8 /* Build configuration list for PBXProject "加密" */ = {
			isa = XCConfigurationList;
			buildConfigurations = (
				F9AEB4861CF68BF900F943A8 /* Debug */,
				F9AEB4871CF68BF900F943A8 /* Release */,
			);
			defaultConfigurationIsVisible = 0;
			defaultConfigurationName = Release;
		};
		F9AEB4881CF68BF900F943A8 /* Build configuration list for PBXNativeTarget "加密" */ = {
			isa = XCConfigurationList;
			buildConfigurations = (
				F9AEB4891CF68BF900F943A8 /* Debug */,
				F9AEB48A1CF68BF900F943A8 /* Release */,
			);
			defaultConfigurationIsVisible = 0;
			defaultConfigurationName = Release;
		};
		F9AEB48B1CF68BF900F943A8 /* Build configuration list for PBXNativeTarget "加密Tests" */ = {
			isa = XCConfigurationList;
			buildConfigurations = (
				F9AEB48C1CF68BF900F943A8 /* Debug */,
				F9AEB48D1CF68BF900F943A8 /* Release */,
			);
			defaultConfigurationIsVisible = 0;
			defaultConfigurationName = Release;
		};
		F9AEB48E1CF68BF900F943A8 /* Build configuration list for PBXNativeTarget "加密UITests" */ = {
			isa = XCConfigurationList;
			buildConfigurations = (
				F9AEB48F1CF68BF900F943A8 /* Debug */,
				F9AEB4901CF68BF900F943A8 /* Release */,
			);
			defaultConfigurationIsVisible = 0;
			defaultConfigurationName = Release;
		};
/* End XCConfigurationList section */
	};
	rootObject = F9AEB4531CF68BF900F943A8 /* Project object */;
}
