// !$*UTF8*$!
{
	archiveVersion = 1;
	classes = {
	};
	objectVersion = 46;
	objects = {

/* Begin PBXBuildFile section */
		E79B02C91F4EABF100D779EA /* main.m in Sources */ = {isa = PBXBuildFile; fileRef = E79B02C41F4EABF100D779EA /* main.m */; };
		E79B02CA1F4EABF100D779EA /* UserModel+Test.m in Sources */ = {isa = PBXBuildFile; fileRef = E79B02C61F4EABF100D779EA /* UserModel+Test.m */; };
		E79B02CB1F4EABF100D779EA /* UserModel.m in Sources */ = {isa = PBXBuildFile; fileRef = E79B02C81F4EABF100D779EA /* UserModel.m */; };
/* End PBXBuildFile section */

/* Begin PBXCopyFilesBuildPhase section */
		51ED8DF71C2A702400CAD809 /* CopyFiles */ = {
			isa = PBXCopyFilesBuildPhase;
			buildActionMask = 2147483647;
			dstPath = /usr/share/man/man1/;
			dstSubfolderSpec = 0;
			files = (
			);
			runOnlyForDeploymentPostprocessing = 1;
		};
/* End PBXCopyFilesBuildPhase section */

/* Begin PBXFileReference section */
		51ED8DF91C2A702400CAD809 /* TestCopy */ = {isa = PBXFileReference; explicitFileType = "compiled.mach-o.executable"; includeInIndex = 0; path = TestCopy; sourceTree = BUILT_PRODUCTS_DIR; };
		E79B02C41F4EABF100D779EA /* main.m */ = {isa = PBXFileReference; fileEncoding = 4; lastKnownFileType = sourcecode.c.objc; path = main.m; sourceTree = "<group>"; };
		E79B02C51F4EABF100D779EA /* UserModel+Test.h */ = {isa = PBXFileReference; fileEncoding = 4; lastKnownFileType = sourcecode.c.h; path = "UserModel+Test.h"; sourceTree = "<group>"; };
		E79B02C61F4EABF100D779EA /* UserModel+Test.m */ = {isa = PBXFileReference; fileEncoding = 4; lastKnownFileType = sourcecode.c.objc; path = "UserModel+Test.m"; sourceTree = "<group>"; };
		E79B02C71F4EABF100D779EA /* UserModel.h */ = {isa = PBXFileReference; fileEncoding = 4; lastKnownFileType = sourcecode.c.h; path = UserModel.h; sourceTree = "<group>"; };
		E79B02C81F4EABF100D779EA /* UserModel.m */ = {isa = PBXFileReference; fileEncoding = 4; lastKnownFileType = sourcecode.c.objc; path = UserModel.m; sourceTree = "<group>"; };
/* End PBXFileReference section */

/* Begin PBXFrameworksBuildPhase section */
		51ED8DF61C2A702400CAD809 /* Frameworks */ = {
			isa = PBXFrameworksBuildPhase;
			buildActionMask = 2147483647;
			files = (
			);
			runOnlyForDeploymentPostprocessing = 0;
		};
/* End PBXFrameworksBuildPhase section */

/* Begin PBXGroup section */
		51ED8DF01C2A702400CAD809 = {
			isa = PBXGroup;
			children = (
				E79B02C31F4EABF100D779EA /* TestCopy */,
				51ED8DFA1C2A702400CAD809 /* Products */,
			);
			sourceTree = "<group>";
		};
		51ED8DFA1C2A702400CAD809 /* Products */ = {
			isa = PBXGroup;
			children = (
				51ED8DF91C2A702400CAD809 /* TestCopy */,
			);
			name = Products;
			sourceTree = "<group>";
		};
		E79B02C31F4EABF100D779EA /* TestCopy */ = {
			isa = PBXGroup;
			children = (
				E79B02C41F4EABF100D779EA /* main.m */,
				E79B02C51F4EABF100D779EA /* UserModel+Test.h */,
				E79B02C61F4EABF100D779EA /* UserModel+Test.m */,
				E79B02C71F4EABF100D779EA /* UserModel.h */,
				E79B02C81F4EABF100D779EA /* UserModel.m */,
			);
			path = TestCopy;
			sourceTree = "<group>";
		};
/* End PBXGroup section */

/* Begin PBXNativeTarget section */
		51ED8DF81C2A702400CAD809 /* TestCopy */ = {
			isa = PBXNativeTarget;
			buildConfigurationList = 51ED8E001C2A702500CAD809 /* Build configuration list for PBXNativeTarget "TestCopy" */;
			buildPhases = (
				51ED8DF51C2A702400CAD809 /* Sources */,
				51ED8DF61C2A702400CAD809 /* Frameworks */,
				51ED8DF71C2A702400CAD809 /* CopyFiles */,
			);
			buildRules = (
			);
			dependencies = (
			);
			name = TestCopy;
			productName = Testttt;
			productReference = 51ED8DF91C2A702400CAD809 /* TestCopy */;
			productType = "com.apple.product-type.tool";
		};
/* End PBXNativeTarget section */

/* Begin PBXProject section */
		51ED8DF11C2A702400CAD809 /* Project object */ = {
			isa = PBXProject;
			attributes = {
				LastUpgradeCheck = 0710;
				ORGANIZATIONNAME = hemiying;
				TargetAttributes = {
					51ED8DF81C2A702400CAD809 = {
						CreatedOnToolsVersion = 7.1;
					};
				};
			};
			buildConfigurationList = 51ED8DF41C2A702400CAD809 /* Build configuration list for PBXProject "TestCopy" */;
			compatibilityVersion = "Xcode 3.2";
			developmentRegion = English;
			hasScannedForEncodings = 0;
			knownRegions = (
				en,
			);
			mainGroup = 51ED8DF01C2A702400CAD809;
			productRefGroup = 51ED8DFA1C2A702400CAD809 /* Products */;
			projectDirPath = "";
			projectRoot = "";
			targets = (
				51ED8DF81C2A702400CAD809 /* TestCopy */,
			);
		};
/* End PBXProject section */

/* Begin PBXSourcesBuildPhase section */
		51ED8DF51C2A702400CAD809 /* Sources */ = {
			isa = PBXSourcesBuildPhase;
			buildActionMask = 2147483647;
			files = (
				E79B02CB1F4EABF100D779EA /* UserModel.m in Sources */,
				E79B02C91F4EABF100D779EA /* main.m in Sources */,
				E79B02CA1F4EABF100D779EA /* UserModel+Test.m in Sources */,
			);
			runOnlyForDeploymentPostprocessing = 0;
		};
/* End PBXSourcesBuildPhase section */

/* Begin XCBuildConfiguration section */
		51ED8DFE1C2A702500CAD809 /* Debug */ = {
			isa = XCBuildConfiguration;
			buildSettings = {
				ALWAYS_SEARCH_USER_PATHS = NO;
				CLANG_CXX_LANGUAGE_STANDARD = "gnu++0x";
				CLANG_CXX_LIBRARY = "libc++";
				CLANG_ENABLE_MODULES = YES;
				CLANG_ENABLE_OBJC_ARC = YES;
				CLANG_WARN_BOOL_CONVERSION = YES;
				CLANG_WARN_CONSTANT_CONVERSION = YES;
				CLANG_WARN_DIRECT_OBJC_ISA_USAGE = YES_ERROR;
				CLANG_WARN_EMPTY_BODY = YES;
				CLANG_WARN_ENUM_CONVERSION = YES;
				CLANG_WARN_INT_CONVERSION = YES;
				CLANG_WARN_OBJC_ROOT_CLASS = YES_ERROR;
				CLANG_WARN_UNREACHABLE_CODE = YES;
				CLANG_WARN__DUPLICATE_METHOD_MATCH = YES;
				CODE_SIGN_IDENTITY = "-";
				COPY_PHASE_STRIP = NO;
				DEBUG_INFORMATION_FORMAT = dwarf;
				ENABLE_STRICT_OBJC_MSGSEND = YES;
				ENABLE_TESTABILITY = YES;
				GCC_C_LANGUAGE_STANDARD = gnu99;
				GCC_DYNAMIC_NO_PIC = NO;
				GCC_NO_COMMON_BLOCKS = YES;
				GCC_OPTIMIZATION_LEVEL = 0;
				GCC_PREPROCESSOR_DEFINITIONS = (
					"DEBUG=1",
					"$(inherited)",
				);
				GCC_WARN_64_TO_32_BIT_CONVERSION = YES;
				GCC_WARN_ABOUT_RETURN_TYPE = YES_ERROR;
				GCC_WARN_UNDECLARED_SELECTOR = YES;
				GCC_WARN_UNINITIALIZED_AUTOS = YES_AGGRESSIVE;
				GCC_WARN_UNUSED_FUNCTION = YES;
				GCC_WARN_UNUSED_VARIABLE = YES;
				MACOSX_DEPLOYMENT_TARGET = 10.10;
				MTL_ENABLE_DEBUG_INFO = YES;
				ONLY_ACTIVE_ARCH = YES;
				SDKROOT = macosx;
			};
			name = Debug;
		};
		51ED8DFF1C2A702500CAD809 /* Release */ = {
			isa = XCBuildConfiguration;
			buildSettings = {
				ALWAYS_SEARCH_USER_PATHS = NO;
				CLANG_CXX_LANGUAGE_STANDARD = "gnu++0x";
				CLANG_CXX_LIBRARY = "libc++";
				CLANG_ENABLE_MODULES = YES;
				CLANG_ENABLE_OBJC_ARC = YES;
				CLANG_WARN_BOOL_CONVERSION = YES;
				CLANG_WARN_CONSTANT_CONVERSION = YES;
				CLANG_WARN_DIRECT_OBJC_ISA_USAGE = YES_ERROR;
				CLANG_WARN_EMPTY_BODY = YES;
				CLANG_WARN_ENUM_CONVERSION = YES;
				CLANG_WARN_INT_CONVERSION = YES;
				CLANG_WARN_OBJC_ROOT_CLASS = YES_ERROR;
				CLANG_WARN_UNREACHABLE_CODE = YES;
				CLANG_WARN__DUPLICATE_METHOD_MATCH = YES;
				CODE_SIGN_IDENTITY = "-";
				COPY_PHASE_STRIP = NO;
				DEBUG_INFORMATION_FORMAT = "dwarf-with-dsym";
				ENABLE_NS_ASSERTIONS = NO;
				ENABLE_STRICT_OBJC_MSGSEND = YES;
				GCC_C_LANGUAGE_STANDARD = gnu99;
				GCC_NO_COMMON_BLOCKS = YES;
				GCC_WARN_64_TO_32_BIT_CONVERSION = YES;
				GCC_WARN_ABOUT_RETURN_TYPE = YES_ERROR;
				GCC_WARN_UNDECLARED_SELECTOR = YES;
				GCC_WARN_UNINITIALIZED_AUTOS = YES_AGGRESSIVE;
				GCC_WARN_UNUSED_FUNCTION = YES;
				GCC_WARN_UNUSED_VARIABLE = YES;
				MACOSX_DEPLOYMENT_TARGET = 10.10;
				MTL_ENABLE_DEBUG_INFO = NO;
				SDKROOT = macosx;
			};
			name = Release;
		};
		51ED8E011C2A702500CAD809 /* Debug */ = {
			isa = XCBuildConfiguration;
			buildSettings = {
				PRODUCT_NAME = "$(TARGET_NAME)";
			};
			name = Debug;
		};
		51ED8E021C2A702500CAD809 /* Release */ = {
			isa = XCBuildConfiguration;
			buildSettings = {
				PRODUCT_NAME = "$(TARGET_NAME)";
			};
			name = Release;
		};
/* End XCBuildConfiguration section */

/* Begin XCConfigurationList section */
		51ED8DF41C2A702400CAD809 /* Build configuration list for PBXProject "TestCopy" */ = {
			isa = XCConfigurationList;
			buildConfigurations = (
				51ED8DFE1C2A702500CAD809 /* Debug */,
				51ED8DFF1C2A702500CAD809 /* Release */,
			);
			defaultConfigurationIsVisible = 0;
			defaultConfigurationName = Release;
		};
		51ED8E001C2A702500CAD809 /* Build configuration list for PBXNativeTarget "TestCopy" */ = {
			isa = XCConfigurationList;
			buildConfigurations = (
				51ED8E011C2A702500CAD809 /* Debug */,
				51ED8E021C2A702500CAD809 /* Release */,
			);
			defaultConfigurationIsVisible = 0;
			defaultConfigurationName = Release;
		};
/* End XCConfigurationList section */
	};
	rootObject = 51ED8DF11C2A702400CAD809 /* Project object */;
}
